
Microsoft Visual Studio Solution File, Format Version 12.00
# Visual Studio Version 17
VisualStudioVersion = 17.6.33801.468
MinimumVisualStudioVersion = 10.0.40219.1
Project("{9A19103F-16F7-4668-BE54-9A1E7A4F7556}") = "AppDesptop.TelegramCreator", "src\AppDesptop.TelegramCreator\AppDesptop.TelegramCreator.csproj", "{91CBD227-8763-4B63-8D33-BA5E9E53C1BC}"
EndProject
Project("{FAE04EC0-301F-11D3-BF4B-00C04F79EFBC}") = "LDPlayerAndADBController", "src\LDPlayerNTC\LDPlayerAndADBController.csproj", "{2A5C3921-6B39-4F32-A589-5D43B8EFE0C3}"
EndProject
Project("{54435603-DBB4-11D2-8724-00A0C9A8B90C}") = "TelegramCreator", "src\TelegramCreator\TelegramCreator.vdproj", "{78AD7072-B9CA-47DF-AF5E-4E45EA257AF3}"
EndProject
Global
	GlobalSection(SolutionConfigurationPlatforms) = preSolution
		Debug|Any CPU = Debug|Any CPU
		Release|Any CPU = Release|Any CPU
	EndGlobalSection
	GlobalSection(ProjectConfigurationPlatforms) = postSolution
		{91CBD227-8763-4B63-8D33-BA5E9E53C1BC}.Debug|Any CPU.ActiveCfg = Debug|Any CPU
		{91CBD227-8763-4B63-8D33-BA5E9E53C1BC}.Debug|Any CPU.Build.0 = Debug|Any CPU
		{91CBD227-8763-4B63-8D33-BA5E9E53C1BC}.Release|Any CPU.ActiveCfg = Release|Any CPU
		{91CBD227-8763-4B63-8D33-BA5E9E53C1BC}.Release|Any CPU.Build.0 = Release|Any CPU
		{2A5C3921-6B39-4F32-A589-5D43B8EFE0C3}.Debug|Any CPU.ActiveCfg = Debug|Any CPU
		{2A5C3921-6B39-4F32-A589-5D43B8EFE0C3}.Debug|Any CPU.Build.0 = Debug|Any CPU
		{2A5C3921-6B39-4F32-A589-5D43B8EFE0C3}.Release|Any CPU.ActiveCfg = Release|Any CPU
		{2A5C3921-6B39-4F32-A589-5D43B8EFE0C3}.Release|Any CPU.Build.0 = Release|Any CPU
		{78AD7072-B9CA-47DF-AF5E-4E45EA257AF3}.Debug|Any CPU.ActiveCfg = Debug
		{78AD7072-B9CA-47DF-AF5E-4E45EA257AF3}.Release|Any CPU.ActiveCfg = Release
	EndGlobalSection
	GlobalSection(SolutionProperties) = preSolution
		HideSolutionNode = FALSE
	EndGlobalSection
	GlobalSection(ExtensibilityGlobals) = postSolution
		SolutionGuid = {98C55148-1DAD-4078-BA21-E05826D4142D}
	EndGlobalSection
EndGlobal
